
Microsoft Visual Studio Solution File, Format Version 12.00
# Visual Studio Version 17
VisualStudioVersion = 17.14.36301.6 d17.14
MinimumVisualStudioVersion = 10.0.40219.1
Project("{FAE04EC0-301F-11D3-BF4B-00C04F79EFBC}") = "LoanManagementSystemAssignment", "LoanManagementSystemAssignment.csproj", "{16051934-9265-40FF-BD04-BB016BDD115A}"
EndProject
Global
	GlobalSection(SolutionConfigurationPlatforms) = preSolution
		Debug|Any CPU = Debug|Any CPU
		Release|Any CPU = Release|Any CPU
	EndGlobalSection
	GlobalSection(ProjectConfigurationPlatforms) = postSolution
		{16051934-9265-40FF-BD04-BB016BDD115A}.Debug|Any CPU.ActiveCfg = Debug|Any CPU
		{16051934-9265-40FF-BD04-BB016BDD115A}.Debug|Any CPU.Build.0 = Debug|Any CPU
		{16051934-9265-40FF-BD04-BB016BDD115A}.Release|Any CPU.ActiveCfg = Release|Any CPU
		{16051934-9265-40FF-BD04-BB016BDD115A}.Release|Any CPU.Build.0 = Release|Any CPU
	EndGlobalSection
	GlobalSection(SolutionProperties) = preSolution
		HideSolutionNode = FALSE
	EndGlobalSection
	GlobalSection(ExtensibilityGlobals) = postSolution
		SolutionGuid = {E74DE5CF-5370-4C41-B586-4590482B3035}
	EndGlobalSection
EndGlobal
